<?xml version="1.0" encoding="UTF-8"?>
<!DOCTYPE plist PUBLIC "-//Apple//DTD PLIST 1.0//EN" "http://www.apple.com/DTDs/PropertyList-1.0.dtd">
<plist version="1.0">
<dict>
	<key>archiveVersion</key>
	<string>1</string>
	<key>classes</key>
	<dict/>
	<key>objectVersion</key>
	<string>70</string>
	<key>objects</key>
	<dict>
		<key>06C2C0118626422494127344</key>
		<dict>
			<key>isa</key>
			<string>PBXFileReference</string>
			<key>lastKnownFileType</key>
			<string>sourcecode.swift</string>
			<key>path</key>
			<string>DependencyContainer.swift</string>
			<key>sourceTree</key>
			<string>&lt;group&gt;</string>
		</dict>
		<key>098D3513D4884F57B0BC8C20</key>
		<dict>
			<key>fileRef</key>
			<string>844CC7EC7BE249F682F1A822</string>
			<key>isa</key>
			<string>PBXBuildFile</string>
		</dict>
		<key>0ADC358E854A4394ABFD3C20</key>
		<dict>
			<key>fileRef</key>
			<string>F99C1382711D473E9167B36A</string>
			<key>isa</key>
			<string>PBXBuildFile</string>
		</dict>
		<key>0BB69A59177849B8B2DCD742</key>
		<dict>
			<key>isa</key>
			<string>PBXFileReference</string>
			<key>lastKnownFileType</key>
			<string>sourcecode.swift</string>
			<key>path</key>
			<string>QRCodeScannerView.swift</string>
			<key>sourceTree</key>
			<string>&lt;group&gt;</string>
		</dict>
		<key>0BF4F1E16A7D4234AEE8BA14</key>
		<dict>
			<key>isa</key>
			<string>PBXFileReference</string>
			<key>lastKnownFileType</key>
			<string>sourcecode.swift</string>
			<key>path</key>
			<string>EmptyServerState.swift</string>
			<key>sourceTree</key>
			<string>&lt;group&gt;</string>
		</dict>
		<key>0EAB74488E134872BC6CA061</key>
		<dict>
			<key>fileRef</key>
			<string>84312A8A9FA34ED09741AFBF</string>
			<key>isa</key>
			<string>PBXBuildFile</string>
		</dict>
		<key>119876F27ECB4558B377BEAA</key>
		<dict>
			<key>isa</key>
			<string>PBXFileReference</string>
			<key>lastKnownFileType</key>
			<string>sourcecode.swift</string>
			<key>path</key>
			<string>ImportViewModel.swift</string>
			<key>sourceTree</key>
			<string>&lt;group&gt;</string>
		</dict>
		<key>1C4DB3E4CD2A48189438E2FD</key>
		<dict>
			<key>fileRef</key>
			<string>4C8BB1668178470DAA9BA502</string>
			<key>isa</key>
			<string>PBXBuildFile</string>
		</dict>
		<key>1D2A6F4D03FB42748CB527B2</key>
		<dict>
			<key>isa</key>
			<string>PBXFileReference</string>
			<key>lastKnownFileType</key>
			<string>sourcecode.swift</string>
			<key>path</key>
			<string>NetworkService.swift</string>
			<key>sourceTree</key>
			<string>&lt;group&gt;</string>
		</dict>
		<key>1EE129F13B904A01BF502CBE</key>
		<dict>
			<key>fileRef</key>
			<string>FCCBA31566234752B87AE796</string>
			<key>isa</key>
			<string>PBXBuildFile</string>
		</dict>
		<key>26C4970AF7BB44CA8D27CA1B</key>
		<dict>
			<key>fileRef</key>
			<string>363D6D0FC985499B93DDB3FA</string>
			<key>isa</key>
			<string>PBXBuildFile</string>
		</dict>
		<key>280DFAED458E459D90A9FB10</key>
		<dict>
			<key>isa</key>
			<string>PBXFileReference</string>
			<key>lastKnownFileType</key>
			<string>sourcecode.swift</string>
			<key>path</key>
			<string>ServerGroupHeader.swift</string>
			<key>sourceTree</key>
			<string>&lt;group&gt;</string>
		</dict>
		<key>297322EB42C0406F9AAFEAA4</key>
		<dict>
			<key>fileRef</key>
			<string>7F559A08FE8B48EAB259B5BF</string>
			<key>isa</key>
			<string>PBXBuildFile</string>
		</dict>
		<key>2BAFB098C9AF4F71A9BB24B1</key>
		<dict>
			<key>fileRef</key>
			<string>542A98E5E1B64D0BB8F7C382</string>
			<key>isa</key>
			<string>PBXBuildFile</string>
		</dict>
		<key>2F903011066C4A5FABB89E74</key>
		<dict>
			<key>fileRef</key>
			<string>FCDD76AC3070455EBEEF6AF6</string>
			<key>isa</key>
			<string>PBXBuildFile</string>
		</dict>
		<key>3099F066C4E843BF86B69026</key>
		<dict>
			<key>isa</key>
			<string>PBXFileReference</string>
			<key>lastKnownFileType</key>
			<string>sourcecode.swift</string>
			<key>path</key>
			<string>MockVPNManager.swift</string>
			<key>sourceTree</key>
			<string>&lt;group&gt;</string>
		</dict>
		<key>33D2C68E0CB248D68EC902FA</key>
		<dict>
			<key>fileRef</key>
			<string>3099F066C4E843BF86B69026</string>
			<key>isa</key>
			<string>PBXBuildFile</string>
		</dict>
		<key>363D6D0FC985499B93DDB3FA</key>
		<dict>
			<key>isa</key>
			<string>PBXFileReference</string>
			<key>lastKnownFileType</key>
			<string>sourcecode.swift</string>
			<key>path</key>
			<string>MainView.swift</string>
			<key>sourceTree</key>
			<string>&lt;group&gt;</string>
		</dict>
		<key>3BBF8330EAD94ED285CCF83C</key>
		<dict>
			<key>fileRef</key>
			<string>A661E45DD52A49478A002E77</string>
			<key>isa</key>
			<string>PBXBuildFile</string>
		</dict>
		<key>40782E223A5343B783B0BAFC</key>
		<dict>
			<key>isa</key>
			<string>PBXFileReference</string>
			<key>lastKnownFileType</key>
			<string>sourcecode.swift</string>
			<key>path</key>
			<string>VPNTypes.swift</string>
			<key>sourceTree</key>
			<string>&lt;group&gt;</string>
		</dict>
		<key>41F4EBE513CE494E9C351698</key>
		<dict>
			<key>isa</key>
			<string>PBXFileReference</string>
			<key>lastKnownFileType</key>
			<string>sourcecode.swift</string>
			<key>path</key>
			<string>HomeModel.swift</string>
			<key>sourceTree</key>
			<string>&lt;group&gt;</string>
		</dict>
		<key>48DA3E650D1C4CDEB409D749</key>
		<dict>
			<key>isa</key>
			<string>PBXFileReference</string>
			<key>lastKnownFileType</key>
			<string>sourcecode.swift</string>
			<key>path</key>
			<string>MagneticInteraction.swift</string>
			<key>sourceTree</key>
			<string>&lt;group&gt;</string>
		</dict>
		<key>48E3459ACA8B44ACB957916E</key>
		<dict>
			<key>fileRef</key>
			<string>A62FF82FB6E24B9C934E5D32</string>
			<key>isa</key>
			<string>PBXBuildFile</string>
		</dict>
		<key>4945975C03484741BE2E296E</key>
		<dict>
			<key>isa</key>
			<string>PBXFileReference</string>
			<key>lastKnownFileType</key>
			<string>sourcecode.swift</string>
			<key>path</key>
			<string>ConnectionModeSelector.swift</string>
			<key>sourceTree</key>
			<string>&lt;group&gt;</string>
		</dict>
		<key>4C0E21ECE8D94529ABBEB8B7</key>
		<dict>
			<key>fileRef</key>
			<string>06C2C0118626422494127344</string>
			<key>isa</key>
			<string>PBXBuildFile</string>
		</dict>
		<key>4C8BB1668178470DAA9BA502</key>
		<dict>
			<key>isa</key>
			<string>PBXFileReference</string>
			<key>lastKnownFileType</key>
			<string>sourcecode.swift</string>
			<key>path</key>
			<string>ServerSearchBar.swift</string>
			<key>sourceTree</key>
			<string>&lt;group&gt;</string>
		</dict>
		<key>4F3D761953BE4D7A80DF92DC</key>
		<dict>
			<key>children</key>
			<array>
				<string>3D74BCA6FA644803ACB7440D</string>
			</array>
			<key>isa</key>
			<string>PBXGroup</string>
			<key>path</key>
			<string>Common</string>
			<key>sourceTree</key>
			<string>&lt;group&gt;</string>
		</dict>
		<key>53B451EB8B4345DCBA534B1D</key>
		<dict>
			<key>fileRef</key>
			<string>48DA3E650D1C4CDEB409D749</string>
			<key>isa</key>
			<string>PBXBuildFile</string>
		</dict>
		<key>542A98E5E1B64D0BB8F7C382</key>
		<dict>
			<key>isa</key>
			<string>PBXFileReference</string>
			<key>lastKnownFileType</key>
			<string>sourcecode.swift</string>
			<key>path</key>
			<string>StorageManager.swift</string>
			<key>sourceTree</key>
			<string>&lt;group&gt;</string>
		</dict>
		<key>568FEC2D232A404DB7BAB9D2</key>
		<dict>
			<key>fileRef</key>
			<string>C37DEDF8C0D94F2B98D97934</string>
			<key>isa</key>
			<string>PBXBuildFile</string>
		</dict>
		<key>5E5793B336354863B32C8490</key>
		<dict>
			<key>isa</key>
			<string>PBXFileReference</string>
			<key>lastKnownFileType</key>
			<string>sourcecode.swift</string>
			<key>path</key>
			<string>SpeedTestManager.swift</string>
			<key>sourceTree</key>
			<string>&lt;group&gt;</string>
		</dict>
		<key>61E723B3259E4036A735FDC3</key>
		<dict>
			<key>children</key>
			<array>
				<string>0BF4F1E16A7D4234AEE8BA14</string>
				<string>B47D1D40F7714BB6B218812C</string>
				<string>280DFAED458E459D90A9FB10</string>
				<string>4C8BB1668178470DAA9BA502</string>
			</array>
			<key>isa</key>
			<string>PBXGroup</string>
			<key>path</key>
			<string>Components</string>
			<key>sourceTree</key>
			<string>&lt;group&gt;</string>
		</dict>
		<key>6CB14E21348D4253B709D899</key>
		<dict>
			<key>isa</key>
			<string>PBXFileReference</string>
			<key>lastKnownFileType</key>
			<string>sourcecode.swift</string>
			<key>path</key>
			<string>ServerListViewModel.swift</string>
			<key>sourceTree</key>
			<string>&lt;group&gt;</string>
		</dict>
		<key>70EC25D02A45473C960BBD20</key>
		<dict>
			<key>fileRef</key>
			<string>FF9BB713A02B46C699F562B4</string>
			<key>isa</key>
			<string>PBXBuildFile</string>
		</dict>
		<key>71986B0B216242B981AA4F6B</key>
		<dict>
			<key>isa</key>
			<string>PBXFileReference</string>
			<key>lastKnownFileType</key>
			<string>sourcecode.swift</string>
			<key>path</key>
			<string>SubscriptionRowView.swift</string>
			<key>sourceTree</key>
			<string>&lt;group&gt;</string>
		</dict>
		<key>7368D0EB0F2746BA81D7359B</key>
		<dict>
			<key>isa</key>
			<string>PBXFileReference</string>
			<key>lastKnownFileType</key>
			<string>sourcecode.swift</string>
			<key>path</key>
			<string>NewSettingsView.swift</string>
			<key>sourceTree</key>
			<string>&lt;group&gt;</string>
		</dict>
		<key>77094561EC184394A1AA8320</key>
		<dict>
			<key>fileRef</key>
			<string>1D2A6F4D03FB42748CB527B2</string>
			<key>isa</key>
			<string>PBXBuildFile</string>
		</dict>
		<key>7C62D5A0FEF646C0862E9621</key>
		<dict>
			<key>fileRef</key>
			<string>0BB69A59177849B8B2DCD742</string>
			<key>isa</key>
			<string>PBXBuildFile</string>
		</dict>
		<key>7F559A08FE8B48EAB259B5BF</key>
		<dict>
			<key>isa</key>
			<string>PBXFileReference</string>
			<key>lastKnownFileType</key>
			<string>sourcecode.swift</string>
			<key>path</key>
			<string>Extensions.swift</string>
			<key>sourceTree</key>
			<string>&lt;group&gt;</string>
		</dict>
		<key>820BC1D64A13414CA1E33E85</key>
		<dict>
			<key>fileRef</key>
			<string>E10F832804404279B47E6DD8</string>
			<key>isa</key>
			<string>PBXBuildFile</string>
		</dict>
		<key>84312A8A9FA34ED09741AFBF</key>
		<dict>
			<key>isa</key>
			<string>PBXFileReference</string>
			<key>lastKnownFileType</key>
			<string>sourcecode.swift</string>
			<key>path</key>
			<string>SettingsViewModel.swift</string>
			<key>sourceTree</key>
			<string>&lt;group&gt;</string>
		</dict>
		<key>844CC7EC7BE249F682F1A822</key>
		<dict>
			<key>isa</key>
			<string>PBXFileReference</string>
			<key>lastKnownFileType</key>
			<string>sourcecode.swift</string>
			<key>path</key>
			<string>ServerSelectorCard.swift</string>
			<key>sourceTree</key>
			<string>&lt;group&gt;</string>
		</dict>
		<key>8ADE15B2D1ED49EDA0311926</key>
		<dict>
			<key>fileRef</key>
			<string>A5FE7A5887F54219AF72FF59</string>
			<key>isa</key>
			<string>PBXBuildFile</string>
		</dict>
		<key>8C677457DDBE47FA94FD15B3</key>
		<dict>
			<key>fileRef</key>
			<string>AEF934CDBE384A9185966EEF</string>
			<key>isa</key>
			<string>PBXBuildFile</string>
		</dict>
		<key>8D0F50255B434AC7A927F9FC</key>
		<dict>
			<key>children</key>
			<array>
				<string>71986B0B216242B981AA4F6B</string>
			</array>
			<key>isa</key>
			<string>PBXGroup</string>
			<key>path</key>
			<string>Components</string>
			<key>sourceTree</key>
			<string>&lt;group&gt;</string>
		</dict>
		<key>916286BE76704BB59ED6F02B</key>
		<dict>
			<key>fileRef</key>
			<string>B51B753C19E7483BB36E47AF</string>
			<key>isa</key>
			<string>PBXBuildFile</string>
		</dict>
		<key>919B0AC050D049A7AA3B2427</key>
		<dict>
			<key>fileRef</key>
			<string>B47D1D40F7714BB6B218812C</string>
			<key>isa</key>
			<string>PBXBuildFile</string>
		</dict>
		<key>91D9BE4B5F384C9FBA9D5BA6</key>
		<dict>
			<key>fileRef</key>
			<string>40782E223A5343B783B0BAFC</string>
			<key>isa</key>
			<string>PBXBuildFile</string>
		</dict>
		<key>96E14A96174A48DEA0AEBABC</key>
		<dict>
			<key>fileRef</key>
			<string>280DFAED458E459D90A9FB10</string>
			<key>isa</key>
			<string>PBXBuildFile</string>
		</dict>
		<key>972433D66E7D4AFE95D7DA6F</key>
		<dict>
			<key>fileRef</key>
			<string>6CB14E21348D4253B709D899</string>
			<key>isa</key>
			<string>PBXBuildFile</string>
		</dict>
		<key>9AC7043B2DA74D208F092BC8</key>
		<dict>
			<key>fileRef</key>
			<string>5E5793B336354863B32C8490</string>
			<key>isa</key>
			<string>PBXBuildFile</string>
		</dict>
		<key>A03938E20F3840EDA32BEB12</key>
		<dict>
			<key>fileRef</key>
			<string>E5B31C0B2B5D4FA6BA640B97</string>
			<key>isa</key>
			<string>PBXBuildFile</string>
		</dict>
		<key>A1234567890123456789012A</key>
		<dict>
			<key>fileRef</key>
			<string>A1234567890123456789012B</string>
			<key>isa</key>
			<string>PBXBuildFile</string>
		</dict>
		<key>A1234567890123456789012B</key>
		<dict>
			<key>isa</key>
			<string>PBXFileReference</string>
			<key>lastKnownFileType</key>
			<string>sourcecode.swift</string>
			<key>path</key>
			<string>RayLinkApp.swift</string>
			<key>sourceTree</key>
			<string>&lt;group&gt;</string>
		</dict>
		<key>A1234567890123456789012C</key>
		<dict>
			<key>fileRef</key>
			<string>A1234567890123456789012D</string>
			<key>isa</key>
			<string>PBXBuildFile</string>
		</dict>
		<key>A1234567890123456789012D</key>
		<dict>
			<key>isa</key>
			<string>PBXFileReference</string>
			<key>lastKnownFileType</key>
			<string>sourcecode.swift</string>
			<key>path</key>
			<string>ContentView.swift</string>
			<key>sourceTree</key>
			<string>&lt;group&gt;</string>
		</dict>
		<key>A1234567890123456789012E</key>
		<dict>
			<key>fileRef</key>
			<string>A1234567890123456789012F</string>
			<key>isa</key>
			<string>PBXBuildFile</string>
		</dict>
		<key>A1234567890123456789012F</key>
		<dict>
			<key>isa</key>
			<string>PBXFileReference</string>
			<key>lastKnownFileType</key>
			<string>folder.assetcatalog</string>
			<key>path</key>
			<string>Assets.xcassets</string>
			<key>sourceTree</key>
			<string>&lt;group&gt;</string>
		</dict>
		<key>A1234567890123456789013A</key>
		<dict>
			<key>fileRef</key>
			<string>A1234567890123456789013B</string>
			<key>isa</key>
			<string>PBXBuildFile</string>
		</dict>
		<key>A1234567890123456789013B</key>
		<dict>
			<key>isa</key>
			<string>PBXFileReference</string>
			<key>lastKnownFileType</key>
			<string>folder.assetcatalog</string>
			<key>path</key>
			<string>Preview Assets.xcassets</string>
			<key>sourceTree</key>
			<string>&lt;group&gt;</string>
		</dict>
		<key>A1234567890123456789013C</key>
		<dict>
			<key>fileRef</key>
			<string>A1234567890123456789013D</string>
			<key>isa</key>
			<string>PBXBuildFile</string>
		</dict>
		<key>A1234567890123456789013D</key>
		<dict>
			<key>isa</key>
			<string>PBXFileReference</string>
			<key>lastKnownFileType</key>
			<string>sourcecode.swift</string>
			<key>path</key>
			<string>HomeView.swift</string>
			<key>sourceTree</key>
			<string>&lt;group&gt;</string>
		</dict>
		<key>A1234567890123456789013E</key>
		<dict>
			<key>fileRef</key>
			<string>A1234567890123456789013F</string>
			<key>isa</key>
			<string>PBXBuildFile</string>
		</dict>
		<key>A1234567890123456789013F</key>
		<dict>
			<key>isa</key>
			<string>PBXFileReference</string>
			<key>lastKnownFileType</key>
			<string>sourcecode.swift</string>
			<key>path</key>
			<string>ServerListView.swift</string>
			<key>sourceTree</key>
			<string>&lt;group&gt;</string>
		</dict>
		<key>A12345678901234567890148</key>
		<dict>
			<key>explicitFileType</key>
			<string>wrapper.application</string>
			<key>includeInIndex</key>
			<string>0</string>
			<key>isa</key>
			<string>PBXFileReference</string>
			<key>path</key>
			<string>RayLink.app</string>
			<key>sourceTree</key>
			<string>BUILT_PRODUCTS_DIR</string>
		</dict>
		<key>A12345678901234567890149</key>
		<dict>
			<key>isa</key>
			<string>PBXFileReference</string>
			<key>lastKnownFileType</key>
			<string>text.plist.xml</string>
			<key>path</key>
			<string>Info.plist</string>
			<key>sourceTree</key>
			<string>&lt;group&gt;</string>
		</dict>
		<key>A1234567890123456789014A</key>
		<dict>
			<key>fileRef</key>
			<string>A1234567890123456789014B</string>
			<key>isa</key>
			<string>PBXBuildFile</string>
		</dict>
		<key>A1234567890123456789014B</key>
		<dict>
			<key>isa</key>
			<string>PBXFileReference</string>
			<key>lastKnownFileType</key>
			<string>sourcecode.swift</string>
			<key>path</key>
			<string>SettingsView.swift</string>
			<key>sourceTree</key>
			<string>&lt;group&gt;</string>
		</dict>
		<key>A1234567890123456789014C</key>
		<dict>
			<key>fileRef</key>
			<string>A1234567890123456789014D</string>
			<key>isa</key>
			<string>PBXBuildFile</string>
		</dict>
		<key>A1234567890123456789014D</key>
		<dict>
			<key>isa</key>
			<string>PBXFileReference</string>
			<key>lastKnownFileType</key>
			<string>sourcecode.swift</string>
			<key>path</key>
			<string>ImportView.swift</string>
			<key>sourceTree</key>
			<string>&lt;group&gt;</string>
		</dict>
		<key>A1234567890123456789014E</key>
		<dict>
			<key>buildActionMask</key>
			<string>2147483647</string>
			<key>files</key>
			<array/>
			<key>isa</key>
			<string>PBXFrameworksBuildPhase</string>
			<key>runOnlyForDeploymentPostprocessing</key>
			<string>0</string>
		</dict>
		<key>A1234567890123456789014F</key>
		<dict>
			<key>children</key>
			<array>
				<string>D53CBBFC2E638D3100E8CB28</string>
				<string>A1234567890123456789015A</string>
				<string>A1234567890123456789015B</string>
				<string>A1234567890123456789015C</string>
				<string>A1234567890123456789015D</string>
				<string>A1234567890123456789015E</string>
				<string>A1234567890123456789015F</string>
				<string>A1234567890123456789012F</string>
				<string>A12345678901234567890149</string>
				<string>A1234567890123456789016A</string>
				<string>363D6D0FC985499B93DDB3FA</string>
			</array>
			<key>isa</key>
			<string>PBXGroup</string>
			<key>path</key>
			<string>.</string>
			<key>sourceTree</key>
			<string>&lt;group&gt;</string>
		</dict>
		<key>A1234567890123456789015A</key>
		<dict>
			<key>children</key>
			<array>
				<string>A1234567890123456789012B</string>
			</array>
			<key>isa</key>
			<string>PBXGroup</string>
			<key>path</key>
			<string>App</string>
			<key>sourceTree</key>
			<string>&lt;group&gt;</string>
		</dict>
		<key>A1234567890123456789015B</key>
		<dict>
			<key>children</key>
			<array>
				<string>A1234567890123456789016B</string>
				<string>A1234567890123456789016C</string>
				<string>A1234567890123456789016D</string>
				<string>A1234567890123456789016E</string>
				<string>06C2C0118626422494127344</string>
				<string>B51B753C19E7483BB36E47AF</string>
			</array>
			<key>isa</key>
			<string>PBXGroup</string>
			<key>path</key>
			<string>Core</string>
			<key>sourceTree</key>
			<string>&lt;group&gt;</string>
		</dict>
		<key>A1234567890123456789015C</key>
		<dict>
			<key>children</key>
			<array>
				<string>A1234567890123456789016F</string>
				<string>A1234567890123456789017A</string>
				<string>A1234567890123456789017B</string>
				<string>A1234567890123456789017C</string>
				<string>4F3D761953BE4D7A80DF92DC</string>
			</array>
			<key>isa</key>
			<string>PBXGroup</string>
			<key>path</key>
			<string>Features</string>
			<key>sourceTree</key>
			<string>&lt;group&gt;</string>
		</dict>
		<key>A1234567890123456789015D</key>
		<dict>
			<key>children</key>
			<array>
				<string>A1234567890123456789017D</string>
				<string>A1234567890123456789017E</string>
				<string>A1234567890123456789017F</string>
			</array>
			<key>isa</key>
			<string>PBXGroup</string>
			<key>path</key>
			<string>Design</string>
			<key>sourceTree</key>
			<string>&lt;group&gt;</string>
		</dict>
		<key>A1234567890123456789015E</key>
		<dict>
			<key>children</key>
			<array>
				<string>FCDD76AC3070455EBEEF6AF6</string>
				<string>A5FE7A5887F54219AF72FF59</string>
				<string>FF946F8820184807B7797C6B</string>
			</array>
			<key>isa</key>
			<string>PBXGroup</string>
			<key>path</key>
			<string>Models</string>
			<key>sourceTree</key>
			<string>&lt;group&gt;</string>
		</dict>
		<key>A1234567890123456789015F</key>
		<dict>
			<key>children</key>
			<array/>
			<key>isa</key>
			<string>PBXGroup</string>
			<key>path</key>
			<string>Resources</string>
			<key>sourceTree</key>
			<string>&lt;group&gt;</string>
		</dict>
		<key>A1234567890123456789016A</key>
		<dict>
			<key>children</key>
			<array>
				<string>A1234567890123456789013B</string>
				<string>E10F832804404279B47E6DD8</string>
			</array>
			<key>isa</key>
			<string>PBXGroup</string>
			<key>path</key>
			<string>Preview Content</string>
			<key>sourceTree</key>
			<string>&lt;group&gt;</string>
		</dict>
		<key>A1234567890123456789016B</key>
		<dict>
			<key>children</key>
			<array>
				<string>1D2A6F4D03FB42748CB527B2</string>
				<string>5E5793B336354863B32C8490</string>
			</array>
			<key>isa</key>
			<string>PBXGroup</string>
			<key>path</key>
			<string>Network</string>
			<key>sourceTree</key>
			<string>&lt;group&gt;</string>
		</dict>
		<key>A1234567890123456789016C</key>
		<dict>
			<key>children</key>
			<array>
				<string>542A98E5E1B64D0BB8F7C382</string>
			</array>
			<key>isa</key>
			<string>PBXGroup</string>
			<key>path</key>
			<string>Storage</string>
			<key>sourceTree</key>
			<string>&lt;group&gt;</string>
		</dict>
		<key>A1234567890123456789016D</key>
		<dict>
			<key>children</key>
			<array>
				<string>3099F066C4E843BF86B69026</string>
				<string>40782E223A5343B783B0BAFC</string>
			</array>
			<key>isa</key>
			<string>PBXGroup</string>
			<key>path</key>
			<string>VPN</string>
			<key>sourceTree</key>
			<string>&lt;group&gt;</string>
		</dict>
		<key>A1234567890123456789016E</key>
		<dict>
			<key>children</key>
			<array>
				<string>7F559A08FE8B48EAB259B5BF</string>
			</array>
			<key>isa</key>
			<string>PBXGroup</string>
			<key>path</key>
			<string>Extensions</string>
			<key>sourceTree</key>
			<string>&lt;group&gt;</string>
		</dict>
		<key>A1234567890123456789016F</key>
		<dict>
			<key>children</key>
			<array>
				<string>A1234567890123456789013D</string>
				<string>E6144038535242DE9EB0673D</string>
				<string>41F4EBE513CE494E9C351698</string>
				<string>A62FF82FB6E24B9C934E5D32</string>
			</array>
			<key>isa</key>
			<string>PBXGroup</string>
			<key>path</key>
			<string>Home</string>
			<key>sourceTree</key>
			<string>&lt;group&gt;</string>
		</dict>
		<key>A1234567890123456789017A</key>
		<dict>
			<key>children</key>
			<array>
				<string>A1234567890123456789013F</string>
				<string>61E723B3259E4036A735FDC3</string>
				<string>6CB14E21348D4253B709D899</string>
			</array>
			<key>isa</key>
			<string>PBXGroup</string>
			<key>path</key>
			<string>ServerList</string>
			<key>sourceTree</key>
			<string>&lt;group&gt;</string>
		</dict>
		<key>A1234567890123456789017B</key>
		<dict>
			<key>children</key>
			<array>
				<string>A1234567890123456789014B</string>
				<string>8D0F50255B434AC7A927F9FC</string>
				<string>7368D0EB0F2746BA81D7359B</string>
				<string>84312A8A9FA34ED09741AFBF</string>
			</array>
			<key>isa</key>
			<string>PBXGroup</string>
			<key>path</key>
			<string>Settings</string>
			<key>sourceTree</key>
			<string>&lt;group&gt;</string>
		</dict>
		<key>A1234567890123456789017C</key>
		<dict>
			<key>children</key>
			<array>
				<string>A1234567890123456789014D</string>
				<string>119876F27ECB4558B377BEAA</string>
				<string>0BB69A59177849B8B2DCD742</string>
			</array>
			<key>isa</key>
			<string>PBXGroup</string>
			<key>path</key>
			<string>Import</string>
			<key>sourceTree</key>
			<string>&lt;group&gt;</string>
		</dict>
		<key>A1234567890123456789017D</key>
		<dict>
			<key>children</key>
			<array>
				<string>FCCBA31566234752B87AE796</string>
			</array>
			<key>isa</key>
			<string>PBXGroup</string>
			<key>path</key>
			<string>Theme</string>
			<key>sourceTree</key>
			<string>&lt;group&gt;</string>
		</dict>
		<key>A1234567890123456789017E</key>
		<dict>
			<key>children</key>
			<array>
				<string>A661E45DD52A49478A002E77</string>
				<string>E5B31C0B2B5D4FA6BA640B97</string>
				<string>C37DEDF8C0D94F2B98D97934</string>
				<string>48DA3E650D1C4CDEB409D749</string>
				<string>FED56588D6784413B1117ABA</string>
				<string>F99C1382711D473E9167B36A</string>
			</array>
			<key>isa</key>
			<string>PBXGroup</string>
			<key>path</key>
			<string>Components</string>
			<key>sourceTree</key>
			<string>&lt;group&gt;</string>
		</dict>
		<key>A1234567890123456789017F</key>
		<dict>
			<key>children</key>
			<array>
				<string>AEF934CDBE384A9185966EEF</string>
			</array>
			<key>isa</key>
			<string>PBXGroup</string>
			<key>path</key>
			<string>Animations</string>
			<key>sourceTree</key>
			<string>&lt;group&gt;</string>
		</dict>
		<key>A1234567890123456789018A</key>
		<dict>
			<key>children</key>
			<array>
				<string>A12345678901234567890148</string>
			</array>
			<key>isa</key>
			<string>PBXGroup</string>
			<key>name</key>
			<string>Products</string>
			<key>sourceTree</key>
			<string>&lt;group&gt;</string>
		</dict>
		<key>A1234567890123456789018B</key>
		<dict>
			<key>children</key>
			<array>
				<string>A1234567890123456789014F</string>
				<string>D53CBC052E638DB100E8CB28</string>
				<string>D53CBC022E638DB100E8CB28</string>
				<string>A1234567890123456789018A</string>
				<string>D53CBBFB2E638B8D00E8CB28</string>
			</array>
			<key>isa</key>
			<string>PBXGroup</string>
			<key>sourceTree</key>
			<string>&lt;group&gt;</string>
		</dict>
		<key>A1234567890123456789018C</key>
		<dict>
			<key>buildConfigurationList</key>
			<string>A1234567890123456789018D</string>
			<key>buildPhases</key>
			<array>
				<string>A1234567890123456789018E</string>
				<string>A1234567890123456789014E</string>
				<string>A1234567890123456789018F</string>
				<string>D53CBC112E638DB100E8CB28</string>
			</array>
			<key>buildRules</key>
			<array/>
			<key>dependencies</key>
			<array/>
			<key>isa</key>
			<string>PBXNativeTarget</string>
			<key>name</key>
			<string>RayLink</string>
			<key>productName</key>
			<string>RayLink</string>
			<key>productReference</key>
			<string>A12345678901234567890148</string>
			<key>productType</key>
			<string>com.apple.product-type.application</string>
		</dict>
		<key>A1234567890123456789018D</key>
		<dict>
			<key>buildConfigurations</key>
			<array>
				<string>A1234567890123456789019E</string>
				<string>A1234567890123456789019F</string>
			</array>
			<key>defaultConfigurationIsVisible</key>
			<string>0</string>
			<key>defaultConfigurationName</key>
			<string>Release</string>
			<key>isa</key>
			<string>XCConfigurationList</string>
		</dict>
		<key>A1234567890123456789018E</key>
		<dict>
			<key>buildActionMask</key>
			<string>2147483647</string>
			<key>files</key>
			<array>
				<string>8C677457DDBE47FA94FD15B3</string>
				<string>1EE129F13B904A01BF502CBE</string>
				<string>3BBF8330EAD94ED285CCF83C</string>
				<string>CEE8E404EAEB4F069BB37E2F</string>
				<string>70EC25D02A45473C960BBD20</string>
				<string>A1234567890123456789012C</string>
				<string>4C0E21ECE8D94529ABBEB8B7</string>
				<string>D0C03034D5AA49B88E976044</string>
				<string>297322EB42C0406F9AAFEAA4</string>
				<string>A03938E20F3840EDA32BEB12</string>
				<string>F5F5C95F014C44F882AE3769</string>
				<string>A1234567890123456789013C</string>
				<string>48E3459ACA8B44ACB957916E</string>
				<string>A1234567890123456789014C</string>
				<string>CE8A1E8942D04825A7A2DDA7</string>
				<string>568FEC2D232A404DB7BAB9D2</string>
				<string>53B451EB8B4345DCBA534B1D</string>
				<string>26C4970AF7BB44CA8D27CA1B</string>
				<string>33D2C68E0CB248D68EC902FA</string>
				<string>916286BE76704BB59ED6F02B</string>
				<string>8624E87ED2884659BAF7240F</string>
				<string>77094561EC184394A1AA8320</string>
				<string>DC9C391540034E5180496A93</string>
				<string>820BC1D64A13414CA1E33E85</string>
				<string>AA78931BD4C04499BB04D956</string>
				<string>7C62D5A0FEF646C0862E9621</string>
				<string>A1234567890123456789012A</string>
				<string>919B0AC050D049A7AA3B2427</string>
				<string>96E14A96174A48DEA0AEBABC</string>
				<string>A1234567890123456789013E</string>
				<string>972433D66E7D4AFE95D7DA6F</string>
				<string>1C4DB3E4CD2A48189438E2FD</string>
				<string>098D3513D4884F57B0BC8C20</string>
				<string>A1234567890123456789014A</string>
				<string>0EAB74488E134872BC6CA061</string>
				<string>9AC7043B2DA74D208F092BC8</string>
				<string>2BAFB098C9AF4F71A9BB24B1</string>
				<string>ACE41464869243C09F272648</string>
				<string>2F903011066C4A5FABB89E74</string>
				<string>8ADE15B2D1ED49EDA0311926</string>
				<string>EFC0C91720DC4689B045A9DD</string>
				<string>91D9BE4B5F384C9FBA9D5BA6</string>
				<string>0ADC358E854A4394ABFD3C20</string>
			</array>
			<key>isa</key>
			<string>PBXSourcesBuildPhase</string>
			<key>runOnlyForDeploymentPostprocessing</key>
			<string>0</string>
		</dict>
		<key>A1234567890123456789018F</key>
		<dict>
			<key>buildActionMask</key>
			<string>2147483647</string>
			<key>files</key>
			<array>
				<string>A1234567890123456789013A</string>
				<string>A1234567890123456789012E</string>
			</array>
			<key>isa</key>
			<string>PBXResourcesBuildPhase</string>
			<key>runOnlyForDeploymentPostprocessing</key>
			<string>0</string>
		</dict>
		<key>A1234567890123456789019A</key>
		<dict>
			<key>attributes</key>
			<dict>
				<key>BuildIndependentTargetsInParallel</key>
				<string>1</string>
				<key>LastSwiftUpdateCheck</key>
				<string>1640</string>
				<key>LastUpgradeCheck</key>
				<string>1500</string>
				<key>TargetAttributes</key>
				<dict>
					<key>A1234567890123456789018C</key>
					<dict>
						<key>CreatedOnToolsVersion</key>
						<string>15.0</string>
					</dict>
				</dict>
			</dict>
			<key>buildConfigurationList</key>
			<string>A1234567890123456789019B</string>
			<key>compatibilityVersion</key>
			<string>Xcode 14.0</string>
			<key>developmentRegion</key>
			<string>en</string>
			<key>hasScannedForEncodings</key>
			<string>0</string>
			<key>isa</key>
			<string>PBXProject</string>
			<key>knownRegions</key>
			<array>
				<string>en</string>
				<string>Base</string>
			</array>
			<key>mainGroup</key>
			<string>A1234567890123456789018B</string>
			<key>productRefGroup</key>
			<string>A1234567890123456789018A</string>
			<key>projectDirPath</key>
			<string></string>
			<key>projectRoot</key>
			<string></string>
			<key>targets</key>
			<array>
				<string>A1234567890123456789018C</string>
			</array>
		</dict>
		<key>A1234567890123456789019B</key>
		<dict>
			<key>buildConfigurations</key>
			<array>
				<string>A1234567890123456789019C</string>
				<string>A1234567890123456789019D</string>
			</array>
			<key>defaultConfigurationIsVisible</key>
			<string>0</string>
			<key>defaultConfigurationName</key>
			<string>Release</string>
			<key>isa</key>
			<string>XCConfigurationList</string>
		</dict>
		<key>A1234567890123456789019C</key>
		<dict>
			<key>buildSettings</key>
			<dict>
				<key>ALWAYS_SEARCH_USER_PATHS</key>
				<string>NO</string>
				<key>ASSETCATALOG_COMPILER_GENERATE_SWIFT_ASSET_SYMBOL_EXTENSIONS</key>
				<string>YES</string>
				<key>CLANG_ANALYZER_NONNULL</key>
				<string>YES</string>
				<key>CLANG_ANALYZER_NUMBER_OBJECT_CONVERSION</key>
				<string>YES_AGGRESSIVE</string>
				<key>CLANG_CXX_LANGUAGE_STANDARD</key>
				<string>gnu++20</string>
				<key>CLANG_ENABLE_MODULES</key>
				<string>YES</string>
				<key>CLANG_ENABLE_OBJC_ARC</key>
				<string>YES</string>
				<key>CLANG_ENABLE_OBJC_WEAK</key>
				<string>YES</string>
				<key>CLANG_WARN_BLOCK_CAPTURE_AUTORELEASING</key>
				<string>YES</string>
				<key>CLANG_WARN_BOOL_CONVERSION</key>
				<string>YES</string>
				<key>CLANG_WARN_COMMA</key>
				<string>YES</string>
				<key>CLANG_WARN_CONSTANT_CONVERSION</key>
				<string>YES</string>
				<key>CLANG_WARN_DEPRECATED_OBJC_IMPLEMENTATIONS</key>
				<string>YES</string>
				<key>CLANG_WARN_DIRECT_OBJC_ISA_USAGE</key>
				<string>YES_ERROR</string>
				<key>CLANG_WARN_DOCUMENTATION_COMMENTS</key>
				<string>YES</string>
				<key>CLANG_WARN_EMPTY_BODY</key>
				<string>YES</string>
				<key>CLANG_WARN_ENUM_CONVERSION</key>
				<string>YES</string>
				<key>CLANG_WARN_INFINITE_RECURSION</key>
				<string>YES</string>
				<key>CLANG_WARN_INT_CONVERSION</key>
				<string>YES</string>
				<key>CLANG_WARN_NON_LITERAL_NULL_CONVERSION</key>
				<string>YES</string>
				<key>CLANG_WARN_OBJC_IMPLICIT_RETAIN_SELF</key>
				<string>YES</string>
				<key>CLANG_WARN_OBJC_LITERAL_CONVERSION</key>
				<string>YES</string>
				<key>CLANG_WARN_OBJC_ROOT_CLASS</key>
				<string>YES_ERROR</string>
				<key>CLANG_WARN_QUOTED_INCLUDE_IN_FRAMEWORK_HEADER</key>
				<string>YES</string>
				<key>CLANG_WARN_RANGE_LOOP_ANALYSIS</key>
				<string>YES</string>
				<key>CLANG_WARN_STRICT_PROTOTYPES</key>
				<string>YES</string>
				<key>CLANG_WARN_SUSPICIOUS_MOVE</key>
				<string>YES</string>
				<key>CLANG_WARN_UNGUARDED_AVAILABILITY</key>
				<string>YES_AGGRESSIVE</string>
				<key>CLANG_WARN_UNREACHABLE_CODE</key>
				<string>YES</string>
				<key>CLANG_WARN__DUPLICATE_METHOD_MATCH</key>
				<string>YES</string>
				<key>COPY_PHASE_STRIP</key>
				<string>NO</string>
				<key>DEBUG_INFORMATION_FORMAT</key>
				<string>dwarf</string>
				<key>ENABLE_STRICT_OBJC_MSGSEND</key>
				<string>YES</string>
				<key>ENABLE_TESTABILITY</key>
				<string>YES</string>
				<key>ENABLE_USER_SCRIPT_SANDBOXING</key>
				<string>YES</string>
				<key>GCC_C_LANGUAGE_STANDARD</key>
				<string>gnu17</string>
				<key>GCC_DYNAMIC_NO_PIC</key>
				<string>NO</string>
				<key>GCC_NO_COMMON_BLOCKS</key>
				<string>YES</string>
				<key>GCC_OPTIMIZATION_LEVEL</key>
				<string>0</string>
				<key>GCC_PREPROCESSOR_DEFINITIONS</key>
				<array>
					<string>DEBUG=1</string>
					<string>$(inherited)</string>
				</array>
				<key>GCC_WARN_64_TO_32_BIT_CONVERSION</key>
				<string>YES</string>
				<key>GCC_WARN_ABOUT_RETURN_TYPE</key>
				<string>YES_ERROR</string>
				<key>GCC_WARN_UNDECLARED_SELECTOR</key>
				<string>YES</string>
				<key>GCC_WARN_UNINITIALIZED_AUTOS</key>
				<string>YES_AGGRESSIVE</string>
				<key>GCC_WARN_UNUSED_FUNCTION</key>
				<string>YES</string>
				<key>GCC_WARN_UNUSED_VARIABLE</key>
				<string>YES</string>
				<key>IPHONEOS_DEPLOYMENT_TARGET</key>
				<string>17.0</string>
				<key>LOCALIZATION_PREFERS_STRING_CATALOGS</key>
				<string>YES</string>
				<key>MTL_ENABLE_DEBUG_INFO</key>
				<string>INCLUDE_SOURCE</string>
				<key>MTL_FAST_MATH</key>
				<string>YES</string>
				<key>ONLY_ACTIVE_ARCH</key>
				<string>YES</string>
				<key>SDKROOT</key>
				<string>iphoneos</string>
				<key>SWIFT_ACTIVE_COMPILATION_CONDITIONS</key>
				<string>DEBUG $(inherited)</string>
				<key>SWIFT_OPTIMIZATION_LEVEL</key>
				<string>-Onone</string>
			</dict>
			<key>isa</key>
			<string>XCBuildConfiguration</string>
			<key>name</key>
			<string>Debug</string>
		</dict>
		<key>A1234567890123456789019D</key>
		<dict>
			<key>buildSettings</key>
			<dict>
				<key>ALWAYS_SEARCH_USER_PATHS</key>
				<string>NO</string>
				<key>ASSETCATALOG_COMPILER_GENERATE_SWIFT_ASSET_SYMBOL_EXTENSIONS</key>
				<string>YES</string>
				<key>CLANG_ANALYZER_NONNULL</key>
				<string>YES</string>
				<key>CLANG_ANALYZER_NUMBER_OBJECT_CONVERSION</key>
				<string>YES_AGGRESSIVE</string>
				<key>CLANG_CXX_LANGUAGE_STANDARD</key>
				<string>gnu++20</string>
				<key>CLANG_ENABLE_MODULES</key>
				<string>YES</string>
				<key>CLANG_ENABLE_OBJC_ARC</key>
				<string>YES</string>
				<key>CLANG_ENABLE_OBJC_WEAK</key>
				<string>YES</string>
				<key>CLANG_WARN_BLOCK_CAPTURE_AUTORELEASING</key>
				<string>YES</string>
				<key>CLANG_WARN_BOOL_CONVERSION</key>
				<string>YES</string>
				<key>CLANG_WARN_COMMA</key>
				<string>YES</string>
				<key>CLANG_WARN_CONSTANT_CONVERSION</key>
				<string>YES</string>
				<key>CLANG_WARN_DEPRECATED_OBJC_IMPLEMENTATIONS</key>
				<string>YES</string>
				<key>CLANG_WARN_DIRECT_OBJC_ISA_USAGE</key>
				<string>YES_ERROR</string>
				<key>CLANG_WARN_DOCUMENTATION_COMMENTS</key>
				<string>YES</string>
				<key>CLANG_WARN_EMPTY_BODY</key>
				<string>YES</string>
				<key>CLANG_WARN_ENUM_CONVERSION</key>
				<string>YES</string>
				<key>CLANG_WARN_INFINITE_RECURSION</key>
				<string>YES</string>
				<key>CLANG_WARN_INT_CONVERSION</key>
				<string>YES</string>
				<key>CLANG_WARN_NON_LITERAL_NULL_CONVERSION</key>
				<string>YES</string>
				<key>CLANG_WARN_OBJC_IMPLICIT_RETAIN_SELF</key>
				<string>YES</string>
				<key>CLANG_WARN_OBJC_LITERAL_CONVERSION</key>
				<string>YES</string>
				<key>CLANG_WARN_OBJC_ROOT_CLASS</key>
				<string>YES_ERROR</string>
				<key>CLANG_WARN_QUOTED_INCLUDE_IN_FRAMEWORK_HEADER</key>
				<string>YES</string>
				<key>CLANG_WARN_RANGE_LOOP_ANALYSIS</key>
				<string>YES</string>
				<key>CLANG_WARN_STRICT_PROTOTYPES</key>
				<string>YES</string>
				<key>CLANG_WARN_SUSPICIOUS_MOVE</key>
				<string>YES</string>
				<key>CLANG_WARN_UNGUARDED_AVAILABILITY</key>
				<string>YES_AGGRESSIVE</string>
				<key>CLANG_WARN_UNREACHABLE_CODE</key>
				<string>YES</string>
				<key>CLANG_WARN__DUPLICATE_METHOD_MATCH</key>
				<string>YES</string>
				<key>COPY_PHASE_STRIP</key>
				<string>NO</string>
				<key>DEBUG_INFORMATION_FORMAT</key>
				<string>dwarf-with-dsym</string>
				<key>ENABLE_NS_ASSERTIONS</key>
				<string>NO</string>
				<key>ENABLE_STRICT_OBJC_MSGSEND</key>
				<string>YES</string>
				<key>ENABLE_USER_SCRIPT_SANDBOXING</key>
				<string>YES</string>
				<key>GCC_C_LANGUAGE_STANDARD</key>
				<string>gnu17</string>
				<key>GCC_NO_COMMON_BLOCKS</key>
				<string>YES</string>
				<key>GCC_WARN_64_TO_32_BIT_CONVERSION</key>
				<string>YES</string>
				<key>GCC_WARN_ABOUT_RETURN_TYPE</key>
				<string>YES_ERROR</string>
				<key>GCC_WARN_UNDECLARED_SELECTOR</key>
				<string>YES</string>
				<key>GCC_WARN_UNINITIALIZED_AUTOS</key>
				<string>YES_AGGRESSIVE</string>
				<key>GCC_WARN_UNUSED_FUNCTION</key>
				<string>YES</string>
				<key>GCC_WARN_UNUSED_VARIABLE</key>
				<string>YES</string>
				<key>IPHONEOS_DEPLOYMENT_TARGET</key>
				<string>17.0</string>
				<key>LOCALIZATION_PREFERS_STRING_CATALOGS</key>
				<string>YES</string>
				<key>MTL_ENABLE_DEBUG_INFO</key>
				<string>NO</string>
				<key>MTL_FAST_MATH</key>
				<string>YES</string>
				<key>SDKROOT</key>
				<string>iphoneos</string>
				<key>SWIFT_COMPILATION_MODE</key>
				<string>wholemodule</string>
				<key>VALIDATE_PRODUCT</key>
				<string>YES</string>
			</dict>
			<key>isa</key>
			<string>XCBuildConfiguration</string>
			<key>name</key>
			<string>Release</string>
		</dict>
		<key>A1234567890123456789019E</key>
		<dict>
			<key>buildSettings</key>
			<dict>
				<key>ASSETCATALOG_COMPILER_APPICON_NAME</key>
				<string>AppIcon</string>
				<key>ASSETCATALOG_COMPILER_GLOBAL_ACCENT_COLOR_NAME</key>
				<string>AccentColor</string>
				<key>CODE_SIGN_ENTITLEMENTS</key>
				<string>RayLink.entitlements</string>
				<key>CODE_SIGN_STYLE</key>
				<string>Automatic</string>
				<key>CURRENT_PROJECT_VERSION</key>
				<string>1</string>
				<key>DEVELOPMENT_ASSET_PATHS</key>
				<string>"Preview Content"</string>
				<key>DEVELOPMENT_TEAM</key>
				<string>5SDSHGN935</string>
				<key>ENABLE_PREVIEWS</key>
				<string>YES</string>
				<key>GENERATE_INFOPLIST_FILE</key>
				<string>NO</string>
				<key>INFOPLIST_FILE</key>
				<string>Info.plist</string>
				<key>INFOPLIST_KEY_UIApplicationSceneManifest_Generation</key>
				<string>YES</string>
				<key>INFOPLIST_KEY_UIApplicationSupportsIndirectInputEvents</key>
				<string>YES</string>
				<key>INFOPLIST_KEY_UILaunchScreen_Generation</key>
				<string>YES</string>
				<key>INFOPLIST_KEY_UISupportedInterfaceOrientations_iPad</key>
				<string>UIInterfaceOrientationPortrait UIInterfaceOrientationPortraitUpsideDown UIInterfaceOrientationLandscapeLeft UIInterfaceOrientationLandscapeRight</string>
				<key>INFOPLIST_KEY_UISupportedInterfaceOrientations_iPhone</key>
				<string>UIInterfaceOrientationPortrait UIInterfaceOrientationLandscapeLeft UIInterfaceOrientationLandscapeRight</string>
				<key>LD_RUNPATH_SEARCH_PATHS</key>
				<array>
					<string>$(inherited)</string>
					<string>@executable_path/Frameworks</string>
				</array>
				<key>MARKETING_VERSION</key>
				<string>1.0</string>
				<key>PRODUCT_BUNDLE_IDENTIFIER</key>
				<string>com.personal.raylink.dev6524</string>
				<key>PRODUCT_NAME</key>
				<string>$(TARGET_NAME)</string>
				<key>SWIFT_EMIT_LOC_STRINGS</key>
				<string>YES</string>
				<key>SWIFT_VERSION</key>
				<string>5.0</string>
				<key>TARGETED_DEVICE_FAMILY</key>
				<string>1,2</string>
			</dict>
			<key>isa</key>
			<string>XCBuildConfiguration</string>
			<key>name</key>
			<string>Debug</string>
		</dict>
		<key>A1234567890123456789019F</key>
		<dict>
			<key>buildSettings</key>
			<dict>
				<key>ASSETCATALOG_COMPILER_APPICON_NAME</key>
				<string>AppIcon</string>
				<key>ASSETCATALOG_COMPILER_GLOBAL_ACCENT_COLOR_NAME</key>
				<string>AccentColor</string>
				<key>CODE_SIGN_ENTITLEMENTS</key>
				<string>RayLink.entitlements</string>
				<key>CODE_SIGN_STYLE</key>
				<string>Automatic</string>
				<key>CURRENT_PROJECT_VERSION</key>
				<string>1</string>
				<key>DEVELOPMENT_ASSET_PATHS</key>
				<string>"Preview Content"</string>
				<key>DEVELOPMENT_TEAM</key>
				<string>5SDSHGN935</string>
				<key>ENABLE_PREVIEWS</key>
				<string>YES</string>
				<key>GENERATE_INFOPLIST_FILE</key>
				<string>NO</string>
				<key>INFOPLIST_FILE</key>
				<string>Info.plist</string>
				<key>INFOPLIST_KEY_UIApplicationSceneManifest_Generation</key>
				<string>YES</string>
				<key>INFOPLIST_KEY_UIApplicationSupportsIndirectInputEvents</key>
				<string>YES</string>
				<key>INFOPLIST_KEY_UILaunchScreen_Generation</key>
				<string>YES</string>
				<key>INFOPLIST_KEY_UISupportedInterfaceOrientations_iPad</key>
				<string>UIInterfaceOrientationPortrait UIInterfaceOrientationPortraitUpsideDown UIInterfaceOrientationLandscapeLeft UIInterfaceOrientationLandscapeRight</string>
				<key>INFOPLIST_KEY_UISupportedInterfaceOrientations_iPhone</key>
				<string>UIInterfaceOrientationPortrait UIInterfaceOrientationLandscapeLeft UIInterfaceOrientationLandscapeRight</string>
				<key>LD_RUNPATH_SEARCH_PATHS</key>
				<array>
					<string>$(inherited)</string>
					<string>@executable_path/Frameworks</string>
				</array>
				<key>MARKETING_VERSION</key>
				<string>1.0</string>
				<key>PRODUCT_BUNDLE_IDENTIFIER</key>
				<string>com.personal.raylink.dev6524</string>
				<key>PRODUCT_NAME</key>
				<string>$(TARGET_NAME)</string>
				<key>SWIFT_EMIT_LOC_STRINGS</key>
				<string>YES</string>
				<key>SWIFT_VERSION</key>
				<string>5.0</string>
				<key>TARGETED_DEVICE_FAMILY</key>
				<string>1,2</string>
			</dict>
			<key>isa</key>
			<string>XCBuildConfiguration</string>
			<key>name</key>
			<string>Release</string>
		</dict>
		<key>A5FE7A5887F54219AF72FF59</key>
		<dict>
			<key>isa</key>
			<string>PBXFileReference</string>
			<key>lastKnownFileType</key>
			<string>sourcecode.swift</string>
			<key>path</key>
			<string>VPNServer.swift</string>
			<key>sourceTree</key>
			<string>&lt;group&gt;</string>
		</dict>
		<key>A62FF82FB6E24B9C934E5D32</key>
		<dict>
			<key>isa</key>
			<string>PBXFileReference</string>
			<key>lastKnownFileType</key>
			<string>sourcecode.swift</string>
			<key>path</key>
			<string>HomeViewModel.swift</string>
			<key>sourceTree</key>
			<string>&lt;group&gt;</string>
		</dict>
		<key>A661E45DD52A49478A002E77</key>
		<dict>
			<key>isa</key>
			<string>PBXFileReference</string>
			<key>lastKnownFileType</key>
			<string>sourcecode.swift</string>
			<key>path</key>
			<string>ButtonStyles.swift</string>
			<key>sourceTree</key>
			<string>&lt;group&gt;</string>
		</dict>
		<key>AA78931BD4C04499BB04D956</key>
		<dict>
			<key>fileRef</key>
			<string>FED56588D6784413B1117ABA</string>
			<key>isa</key>
			<string>PBXBuildFile</string>
		</dict>
		<key>ACE41464869243C09F272648</key>
		<dict>
			<key>fileRef</key>
			<string>71986B0B216242B981AA4F6B</string>
			<key>isa</key>
			<string>PBXBuildFile</string>
		</dict>
		<key>AEF934CDBE384A9185966EEF</key>
		<dict>
			<key>isa</key>
			<string>PBXFileReference</string>
			<key>lastKnownFileType</key>
			<string>sourcecode.swift</string>
			<key>path</key>
			<string>AnimationHelpers.swift</string>
			<key>sourceTree</key>
			<string>&lt;group&gt;</string>
		</dict>
		<key>B47D1D40F7714BB6B218812C</key>
		<dict>
			<key>isa</key>
			<string>PBXFileReference</string>
			<key>lastKnownFileType</key>
			<string>sourcecode.swift</string>
			<key>path</key>
			<string>ServerCell.swift</string>
			<key>sourceTree</key>
			<string>&lt;group&gt;</string>
		</dict>
		<key>B51B753C19E7483BB36E47AF</key>
		<dict>
			<key>isa</key>
			<string>PBXFileReference</string>
			<key>lastKnownFileType</key>
			<string>sourcecode.swift</string>
			<key>path</key>
			<string>NavigationCoordinator.swift</string>
			<key>sourceTree</key>
			<string>&lt;group&gt;</string>
		</dict>
		<key>C37DEDF8C0D94F2B98D97934</key>
		<dict>
			<key>isa</key>
			<string>PBXFileReference</string>
			<key>lastKnownFileType</key>
			<string>sourcecode.swift</string>
			<key>path</key>
			<string>LoadingView.swift</string>
			<key>sourceTree</key>
			<string>&lt;group&gt;</string>
		</dict>
		<key>CE8A1E8942D04825A7A2DDA7</key>
		<dict>
			<key>fileRef</key>
			<string>119876F27ECB4558B377BEAA</string>
			<key>isa</key>
			<string>PBXBuildFile</string>
		</dict>
		<key>CEE8E404EAEB4F069BB37E2F</key>
		<dict>
			<key>fileRef</key>
			<string>4945975C03484741BE2E296E</string>
			<key>isa</key>
			<string>PBXBuildFile</string>
		</dict>
		<key>D0C03034D5AA49B88E976044</key>
		<dict>
			<key>fileRef</key>
			<string>0BF4F1E16A7D4234AEE8BA14</string>
			<key>isa</key>
			<string>PBXBuildFile</string>
		</dict>
		<key>D53CBBFB2E638B8D00E8CB28</key>
		<dict>
			<key>children</key>
			<array>
				<string>A1234567890123456789012D</string>
			</array>
			<key>isa</key>
			<string>PBXGroup</string>
			<key>name</key>
			<string>Recovered References</string>
			<key>sourceTree</key>
			<string>&lt;group&gt;</string>
		</dict>
		<key>D53CBBFC2E638D3100E8CB28</key>
		<dict>
			<key>isa</key>
			<string>PBXFileReference</string>
			<key>lastKnownFileType</key>
			<string>text.plist.entitlements</string>
			<key>path</key>
			<string>RayLink.entitlements</string>
			<key>sourceTree</key>
			<string>&lt;group&gt;</string>
		</dict>
		<key>D53CBC022E638DB100E8CB28</key>
		<dict>
			<key>children</key>
			<array>
				<string>D53CBC032E638DB100E8CB28</string>
			</array>
			<key>isa</key>
			<string>PBXGroup</string>
			<key>name</key>
			<string>Frameworks</string>
			<key>sourceTree</key>
			<string>&lt;group&gt;</string>
		</dict>
		<key>D53CBC032E638DB100E8CB28</key>
		<dict>
			<key>isa</key>
			<string>PBXFileReference</string>
			<key>lastKnownFileType</key>
			<string>wrapper.framework</string>
			<key>name</key>
			<string>NetworkExtension.framework</string>
			<key>path</key>
			<string>System/Library/Frameworks/NetworkExtension.framework</string>
			<key>sourceTree</key>
			<string>SDKROOT</string>
		</dict>
		<key>D53CBC052E638DB100E8CB28</key>
		<dict>
			<key>explicitFileTypes</key>
			<dict/>
			<key>explicitFolders</key>
			<array/>
			<key>isa</key>
			<string>PBXFileSystemSynchronizedRootGroup</string>
			<key>path</key>
			<string>RayLinkTunnel</string>
			<key>sourceTree</key>
			<string>&lt;group&gt;</string>
		</dict>
		<key>D53CBC112E638DB100E8CB28</key>
		<dict>
			<key>buildActionMask</key>
			<string>2147483647</string>
			<key>dstPath</key>
			<string></string>
			<key>dstSubfolderSpec</key>
			<string>13</string>
			<key>files</key>
			<array/>
			<key>isa</key>
			<string>PBXCopyFilesBuildPhase</string>
			<key>name</key>
			<string>Embed Foundation Extensions</string>
			<key>runOnlyForDeploymentPostprocessing</key>
			<string>0</string>
		</dict>
		<key>DC9C391540034E5180496A93</key>
		<dict>
			<key>fileRef</key>
			<string>7368D0EB0F2746BA81D7359B</string>
			<key>isa</key>
			<string>PBXBuildFile</string>
		</dict>
		<key>E10F832804404279B47E6DD8</key>
		<dict>
			<key>isa</key>
			<string>PBXFileReference</string>
			<key>lastKnownFileType</key>
			<string>sourcecode.swift</string>
			<key>path</key>
			<string>PreviewProvider.swift</string>
			<key>sourceTree</key>
			<string>&lt;group&gt;</string>
		</dict>
		<key>E5B31C0B2B5D4FA6BA640B97</key>
		<dict>
			<key>isa</key>
			<string>PBXFileReference</string>
			<key>lastKnownFileType</key>
			<string>sourcecode.swift</string>
			<key>path</key>
			<string>GlassmorphicCard.swift</string>
			<key>sourceTree</key>
			<string>&lt;group&gt;</string>
		</dict>
		<key>E6144038535242DE9EB0673D</key>
		<dict>
			<key>children</key>
			<array>
				<string>4945975C03484741BE2E296E</string>
				<string>FF9BB713A02B46C699F562B4</string>
				<string>844CC7EC7BE249F682F1A822</string>
			</array>
			<key>isa</key>
			<string>PBXGroup</string>
			<key>path</key>
			<string>Components</string>
			<key>sourceTree</key>
			<string>&lt;group&gt;</string>
		</dict>
		<key>EFC0C91720DC4689B045A9DD</key>
		<dict>
			<key>fileRef</key>
			<string>FF946F8820184807B7797C6B</string>
			<key>isa</key>
			<string>PBXBuildFile</string>
		</dict>
		<key>F5F5C95F014C44F882AE3769</key>
		<dict>
			<key>fileRef</key>
			<string>41F4EBE513CE494E9C351698</string>
			<key>isa</key>
			<string>PBXBuildFile</string>
		</dict>
		<key>F99C1382711D473E9167B36A</key>
		<dict>
			<key>isa</key>
			<string>PBXFileReference</string>
			<key>lastKnownFileType</key>
			<string>sourcecode.swift</string>
			<key>path</key>
			<string>WaveBackground.swift</string>
			<key>sourceTree</key>
			<string>&lt;group&gt;</string>
		</dict>
		<key>FCCBA31566234752B87AE796</key>
		<dict>
			<key>isa</key>
			<string>PBXFileReference</string>
			<key>lastKnownFileType</key>
			<string>sourcecode.swift</string>
			<key>path</key>
			<string>AppTheme.swift</string>
			<key>sourceTree</key>
			<string>&lt;group&gt;</string>
		</dict>
		<key>FCDD76AC3070455EBEEF6AF6</key>
		<dict>
			<key>isa</key>
			<string>PBXFileReference</string>
			<key>lastKnownFileType</key>
			<string>sourcecode.swift</string>
			<key>path</key>
			<string>UserSettings.swift</string>
			<key>sourceTree</key>
			<string>&lt;group&gt;</string>
		</dict>
		<key>FED56588D6784413B1117ABA</key>
		<dict>
			<key>isa</key>
			<string>PBXFileReference</string>
			<key>lastKnownFileType</key>
			<string>sourcecode.swift</string>
			<key>path</key>
			<string>PulseRingButton.swift</string>
			<key>sourceTree</key>
			<string>&lt;group&gt;</string>
		</dict>
		<key>FF946F8820184807B7797C6B</key>
		<dict>
			<key>isa</key>
			<string>PBXFileReference</string>
			<key>lastKnownFileType</key>
			<string>sourcecode.swift</string>
			<key>path</key>
			<string>VPNSubscription.swift</string>
			<key>sourceTree</key>
			<string>&lt;group&gt;</string>
		</dict>
		<key>FF9BB713A02B46C699F562B4</key>
		<dict>
			<key>isa</key>
			<string>PBXFileReference</string>
			<key>lastKnownFileType</key>
			<string>sourcecode.swift</string>
			<key>path</key>
			<string>ConnectionStats.swift</string>
			<key>sourceTree</key>
			<string>&lt;group&gt;</string>
		</dict>
		<key>3D74BCA6FA644803ACB7440D</key>
		<dict>
			<key>isa</key>
			<string>PBXFileReference</string>
			<key>lastKnownFileType</key>
			<string>sourcecode.swift</string>
			<key>path</key>
			<string>NavigationDestinationViews.swift</string>
			<key>sourceTree</key>
			<string>&lt;group&gt;</string>
		</dict>
		<key>8624E87ED2884659BAF7240F</key>
		<dict>
			<key>isa</key>
			<string>PBXBuildFile</string>
			<key>fileRef</key>
			<string>3D74BCA6FA644803ACB7440D</string>
		</dict>
	</dict>
	<key>rootObject</key>
	<string>A1234567890123456789019A</string>
</dict>
</plist>
